PODS:
  - HoloCollectionView (1.4.0)

DEPENDENCIES:
  - HoloCollectionView (from `../`)

EXTERNAL SOURCES:
  HoloCollectionView:
    :path: "../"

SPEC CHECKSUMS:
  HoloCollectionView: bfb921f900012f15ca60e01429b742c68fee8420

PODFILE CHECKSUM: ef61e5d475e970bf89353ca9ea8c3adb0df691e7

COCOAPODS: 1.10.1
