PODS:
  - HoloCollectionView (1.3.0)

DEPENDENCIES:
  - HoloCollectionView (from `../`)

EXTERNAL SOURCES:
  HoloCollectionView:
    :path: "../"

SPEC CHECKSUMS:
  HoloCollectionView: 6626a33d384ed7f938a237bddc9f3010db80d041

PODFILE CHECKSUM: ef61e5d475e970bf89353ca9ea8c3adb0df691e7

COCOAPODS: 1.9.3
