PODS:
  - HoloCollectionView (0.4.0)

DEPENDENCIES:
  - HoloCollectionView (from `../`)

EXTERNAL SOURCES:
  HoloCollectionView:
    :path: "../"

SPEC CHECKSUMS:
  HoloCollectionView: 114f007f3fdbb34d8c4addc4c8772c243f858f65

PODFILE CHECKSUM: ef61e5d475e970bf89353ca9ea8c3adb0df691e7

COCOAPODS: 1.8.4
